
Microsoft Visual Studio Solution File, Format Version 12.00
# Visual Studio Version 16
VisualStudioVersion = 16.0.31729.503
MinimumVisualStudioVersion = 10.0.40219.1
Project("{FAE04EC0-301F-11D3-BF4B-00C04F79EFBC}") = "bassboost3000.Android", "bassboost3000\bassboost3000.Android\bassboost3000.Android.csproj", "{BC130698-8134-440F-B579-7A0446A963D2}"
EndProject
Project("{FAE04EC0-301F-11D3-BF4B-00C04F79EFBC}") = "bassboost3000", "bassboost3000\bassboost3000\bassboost3000.csproj", "{DB3492FF-F6C8-47C1-A05A-C01D350C0470}"
EndProject
Global
	GlobalSection(SolutionConfigurationPlatforms) = preSolution
		Debug|Any CPU = Debug|Any CPU
		Release|Any CPU = Release|Any CPU
	EndGlobalSection
	GlobalSection(ProjectConfigurationPlatforms) = postSolution
		{BC130698-8134-440F-B579-7A0446A963D2}.Debug|Any CPU.ActiveCfg = Debug|Any CPU
		{BC130698-8134-440F-B579-7A0446A963D2}.Debug|Any CPU.Build.0 = Debug|Any CPU
		{BC130698-8134-440F-B579-7A0446A963D2}.Debug|Any CPU.Deploy.0 = Debug|Any CPU
		{BC130698-8134-440F-B579-7A0446A963D2}.Release|Any CPU.ActiveCfg = Release|Any CPU
		{BC130698-8134-440F-B579-7A0446A963D2}.Release|Any CPU.Build.0 = Release|Any CPU
		{BC130698-8134-440F-B579-7A0446A963D2}.Release|Any CPU.Deploy.0 = Release|Any CPU
		{DB3492FF-F6C8-47C1-A05A-C01D350C0470}.Debug|Any CPU.ActiveCfg = Debug|Any CPU
		{DB3492FF-F6C8-47C1-A05A-C01D350C0470}.Debug|Any CPU.Build.0 = Debug|Any CPU
		{DB3492FF-F6C8-47C1-A05A-C01D350C0470}.Debug|Any CPU.Deploy.0 = Debug|Any CPU
		{DB3492FF-F6C8-47C1-A05A-C01D350C0470}.Release|Any CPU.ActiveCfg = Release|Any CPU
		{DB3492FF-F6C8-47C1-A05A-C01D350C0470}.Release|Any CPU.Build.0 = Release|Any CPU
		{DB3492FF-F6C8-47C1-A05A-C01D350C0470}.Release|Any CPU.Deploy.0 = Release|Any CPU
	EndGlobalSection
	GlobalSection(SolutionProperties) = preSolution
		HideSolutionNode = FALSE
	EndGlobalSection
	GlobalSection(ExtensibilityGlobals) = postSolution
		SolutionGuid = {28D5A7FC-1A14-48C4-8D64-A99116C1F3BD}
	EndGlobalSection
EndGlobal
